
Microsoft Visual Studio Solution File, Format Version 12.00
# Visual Studio Version 17
VisualStudioVersion = 17.2.32616.157
MinimumVisualStudioVersion = 10.0.40219.1
Project("{FAE04EC0-301F-11D3-BF4B-00C04F79EFBC}") = "System_Billing_Software", "System_Billing_Software\System_Billing_Software.csproj", "{CA30F97B-8279-437B-B1D4-F7695C02C967}"
EndProject
Global
	GlobalSection(SolutionConfigurationPlatforms) = preSolution
		Debug|Any CPU = Debug|Any CPU
		Release|Any CPU = Release|Any CPU
	EndGlobalSection
	GlobalSection(ProjectConfigurationPlatforms) = postSolution
		{CA30F97B-8279-437B-B1D4-F7695C02C967}.Debug|Any CPU.ActiveCfg = Debug|Any CPU
		{CA30F97B-8279-437B-B1D4-F7695C02C967}.Debug|Any CPU.Build.0 = Debug|Any CPU
		{CA30F97B-8279-437B-B1D4-F7695C02C967}.Release|Any CPU.ActiveCfg = Release|Any CPU
		{CA30F97B-8279-437B-B1D4-F7695C02C967}.Release|Any CPU.Build.0 = Release|Any CPU
	EndGlobalSection
	GlobalSection(SolutionProperties) = preSolution
		HideSolutionNode = FALSE
	EndGlobalSection
	GlobalSection(ExtensibilityGlobals) = postSolution
		SolutionGuid = {C79A9E9A-BAAA-4A29-9F89-A3F6191F8BB5}
	EndGlobalSection
EndGlobal
